
Microsoft Visual Studio Solution File, Format Version 12.00
# Visual Studio Version 16
VisualStudioVersion = 16.0.30717.126
MinimumVisualStudioVersion = 10.0.40219.1
Project("{FAE04EC0-301F-11D3-BF4B-00C04F79EFBC}") = "MVCClientVSFly", "MVCClientVSFly\MVCClientVSFly.csproj", "{CAAF6CA9-FCA1-4890-8E12-2A84BF0E05EF}"
EndProject
Global
	GlobalSection(SolutionConfigurationPlatforms) = preSolution
		Debug|Any CPU = Debug|Any CPU
		Release|Any CPU = Release|Any CPU
	EndGlobalSection
	GlobalSection(ProjectConfigurationPlatforms) = postSolution
		{CAAF6CA9-FCA1-4890-8E12-2A84BF0E05EF}.Debug|Any CPU.ActiveCfg = Debug|Any CPU
		{CAAF6CA9-FCA1-4890-8E12-2A84BF0E05EF}.Debug|Any CPU.Build.0 = Debug|Any CPU
		{CAAF6CA9-FCA1-4890-8E12-2A84BF0E05EF}.Release|Any CPU.ActiveCfg = Release|Any CPU
		{CAAF6CA9-FCA1-4890-8E12-2A84BF0E05EF}.Release|Any CPU.Build.0 = Release|Any CPU
	EndGlobalSection
	GlobalSection(SolutionProperties) = preSolution
		HideSolutionNode = FALSE
	EndGlobalSection
	GlobalSection(ExtensibilityGlobals) = postSolution
		SolutionGuid = {32FF968A-8F1C-4A72-B963-DC57114DBDD6}
	EndGlobalSection
EndGlobal
